
Microsoft Visual Studio Solution File, Format Version 12.00
# Visual Studio Version 17
VisualStudioVersion = 17.5.33627.172
MinimumVisualStudioVersion = 10.0.40219.1
Project("{FAE04EC0-301F-11D3-BF4B-00C04F79EFBC}") = "Lab_12", "Lab_12\Lab_12.csproj", "{28B73364-4309-429B-9BA3-EF2D2D724EA1}"
EndProject
Global
	GlobalSection(SolutionConfigurationPlatforms) = preSolution
		Debug|Any CPU = Debug|Any CPU
		Release|Any CPU = Release|Any CPU
	EndGlobalSection
	GlobalSection(ProjectConfigurationPlatforms) = postSolution
		{28B73364-4309-429B-9BA3-EF2D2D724EA1}.Debug|Any CPU.ActiveCfg = Debug|Any CPU
		{28B73364-4309-429B-9BA3-EF2D2D724EA1}.Debug|Any CPU.Build.0 = Debug|Any CPU
		{28B73364-4309-429B-9BA3-EF2D2D724EA1}.Release|Any CPU.ActiveCfg = Release|Any CPU
		{28B73364-4309-429B-9BA3-EF2D2D724EA1}.Release|Any CPU.Build.0 = Release|Any CPU
	EndGlobalSection
	GlobalSection(SolutionProperties) = preSolution
		HideSolutionNode = FALSE
	EndGlobalSection
	GlobalSection(ExtensibilityGlobals) = postSolution
		SolutionGuid = {C215D04B-196D-4E95-9354-39BBCEAAE5DF}
	EndGlobalSection
EndGlobal
