
Microsoft Visual Studio Solution File, Format Version 12.00
# Visual Studio Version 17
VisualStudioVersion = 17.5.33627.172
MinimumVisualStudioVersion = 10.0.40219.1
Project("{FAE04EC0-301F-11D3-BF4B-00C04F79EFBC}") = "Lab04.2", "Lab04.2\Lab04.2.csproj", "{607DC9DD-BA91-42B8-9374-66BDB126F2BC}"
EndProject
Global
	GlobalSection(SolutionConfigurationPlatforms) = preSolution
		Debug|Any CPU = Debug|Any CPU
		Release|Any CPU = Release|Any CPU
	EndGlobalSection
	GlobalSection(ProjectConfigurationPlatforms) = postSolution
		{607DC9DD-BA91-42B8-9374-66BDB126F2BC}.Debug|Any CPU.ActiveCfg = Debug|Any CPU
		{607DC9DD-BA91-42B8-9374-66BDB126F2BC}.Debug|Any CPU.Build.0 = Debug|Any CPU
		{607DC9DD-BA91-42B8-9374-66BDB126F2BC}.Release|Any CPU.ActiveCfg = Release|Any CPU
		{607DC9DD-BA91-42B8-9374-66BDB126F2BC}.Release|Any CPU.Build.0 = Release|Any CPU
	EndGlobalSection
	GlobalSection(SolutionProperties) = preSolution
		HideSolutionNode = FALSE
	EndGlobalSection
	GlobalSection(ExtensibilityGlobals) = postSolution
		SolutionGuid = {3BB6223E-8752-4464-B324-B6BAE1884827}
	EndGlobalSection
EndGlobal
