
Microsoft Visual Studio Solution File, Format Version 12.00
# Visual Studio Version 17
VisualStudioVersion = 17.5.33627.172
MinimumVisualStudioVersion = 10.0.40219.1
Project("{FAE04EC0-301F-11D3-BF4B-00C04F79EFBC}") = "Lab_10.4", "Lab_10.4\Lab_10.4.csproj", "{DB37244F-0C18-4E0C-AA8F-6FAE9BB9C159}"
EndProject
Global
	GlobalSection(SolutionConfigurationPlatforms) = preSolution
		Debug|Any CPU = Debug|Any CPU
		Release|Any CPU = Release|Any CPU
	EndGlobalSection
	GlobalSection(ProjectConfigurationPlatforms) = postSolution
		{DB37244F-0C18-4E0C-AA8F-6FAE9BB9C159}.Debug|Any CPU.ActiveCfg = Debug|Any CPU
		{DB37244F-0C18-4E0C-AA8F-6FAE9BB9C159}.Debug|Any CPU.Build.0 = Debug|Any CPU
		{DB37244F-0C18-4E0C-AA8F-6FAE9BB9C159}.Release|Any CPU.ActiveCfg = Release|Any CPU
		{DB37244F-0C18-4E0C-AA8F-6FAE9BB9C159}.Release|Any CPU.Build.0 = Release|Any CPU
	EndGlobalSection
	GlobalSection(SolutionProperties) = preSolution
		HideSolutionNode = FALSE
	EndGlobalSection
	GlobalSection(ExtensibilityGlobals) = postSolution
		SolutionGuid = {B413B993-04E4-4C7E-BA6C-1044FB6676B4}
	EndGlobalSection
EndGlobal
